
Microsoft Visual Studio Solution File, Format Version 12.00
Project("{FAE04EC0-301F-11D3-BF4B-00C04F79EFBC}") = "CajeroAPI", "CajeroAPI\CajeroAPI.csproj", "{37B994A3-F377-489D-B4E4-C88822C5F80C}"
EndProject
Global
	GlobalSection(SolutionConfigurationPlatforms) = preSolution
		Debug|Any CPU = Debug|Any CPU
		Release|Any CPU = Release|Any CPU
	EndGlobalSection
	GlobalSection(ProjectConfigurationPlatforms) = postSolution
		{37B994A3-F377-489D-B4E4-C88822C5F80C}.Debug|Any CPU.ActiveCfg = Debug|Any CPU
		{37B994A3-F377-489D-B4E4-C88822C5F80C}.Debug|Any CPU.Build.0 = Debug|Any CPU
		{37B994A3-F377-489D-B4E4-C88822C5F80C}.Release|Any CPU.ActiveCfg = Release|Any CPU
		{37B994A3-F377-489D-B4E4-C88822C5F80C}.Release|Any CPU.Build.0 = Release|Any CPU
	EndGlobalSection
EndGlobal
